
Microsoft Visual Studio Solution File, Format Version 12.00
# Visual Studio 15
Project("{FAE04EC0-301F-11D3-BF4B-00C04F79EFBC}") = "Dogs", "Dogs.csproj", "{B675AE3B-CAE6-445C-BD7F-C95222B2BEE6}"
EndProject
Global
	GlobalSection(SolutionConfigurationPlatforms) = preSolution
		Debug|Any CPU = Debug|Any CPU
		Release|Any CPU = Release|Any CPU
	EndGlobalSection
	GlobalSection(ProjectConfigurationPlatforms) = postSolution
		{B675AE3B-CAE6-445C-BD7F-C95222B2BEE6}.Debug|Any CPU.ActiveCfg = Debug|Any CPU
		{B675AE3B-CAE6-445C-BD7F-C95222B2BEE6}.Debug|Any CPU.Build.0 = Debug|Any CPU
		{B675AE3B-CAE6-445C-BD7F-C95222B2BEE6}.Release|Any CPU.ActiveCfg = Release|Any CPU
		{B675AE3B-CAE6-445C-BD7F-C95222B2BEE6}.Release|Any CPU.Build.0 = Release|Any CPU
	EndGlobalSection
EndGlobal
